
Microsoft Visual Studio Solution File, Format Version 12.00
# Visual Studio Version 17
VisualStudioVersion = 17.2.32602.215
MinimumVisualStudioVersion = 10.0.40219.1
Project("{FAE04EC0-301F-11D3-BF4B-00C04F79EFBC}") = "ОП2_1", "ОП2_1.csproj", "{11DB5B3B-675F-47A9-B080-FB02CADD2503}"
EndProject
Global
	GlobalSection(SolutionConfigurationPlatforms) = preSolution
		Debug|Any CPU = Debug|Any CPU
		Release|Any CPU = Release|Any CPU
	EndGlobalSection
	GlobalSection(ProjectConfigurationPlatforms) = postSolution
		{11DB5B3B-675F-47A9-B080-FB02CADD2503}.Debug|Any CPU.ActiveCfg = Debug|Any CPU
		{11DB5B3B-675F-47A9-B080-FB02CADD2503}.Debug|Any CPU.Build.0 = Debug|Any CPU
		{11DB5B3B-675F-47A9-B080-FB02CADD2503}.Release|Any CPU.ActiveCfg = Release|Any CPU
		{11DB5B3B-675F-47A9-B080-FB02CADD2503}.Release|Any CPU.Build.0 = Release|Any CPU
	EndGlobalSection
	GlobalSection(SolutionProperties) = preSolution
		HideSolutionNode = FALSE
	EndGlobalSection
	GlobalSection(ExtensibilityGlobals) = postSolution
		SolutionGuid = {A679F854-D24F-47D7-A70D-0084AD9B8309}
	EndGlobalSection
EndGlobal
